
Microsoft Visual Studio Solution File, Format Version 12.00
# Visual Studio 15
VisualStudioVersion = 15.0.28010.2036
MinimumVisualStudioVersion = 10.0.40219.1
Project("{FAE04EC0-301F-11D3-BF4B-00C04F79EFBC}") = "LogProducer", "LogProducer\LogProducer.csproj", "{1D61C774-F4FC-4207-B3D6-0E9B114477A2}"
EndProject
Global
	GlobalSection(SolutionConfigurationPlatforms) = preSolution
		Debug|Any CPU = Debug|Any CPU
		Release|Any CPU = Release|Any CPU
	EndGlobalSection
	GlobalSection(ProjectConfigurationPlatforms) = postSolution
		{1D61C774-F4FC-4207-B3D6-0E9B114477A2}.Debug|Any CPU.ActiveCfg = Debug|Any CPU
		{1D61C774-F4FC-4207-B3D6-0E9B114477A2}.Debug|Any CPU.Build.0 = Debug|Any CPU
		{1D61C774-F4FC-4207-B3D6-0E9B114477A2}.Release|Any CPU.ActiveCfg = Release|Any CPU
		{1D61C774-F4FC-4207-B3D6-0E9B114477A2}.Release|Any CPU.Build.0 = Release|Any CPU
	EndGlobalSection
	GlobalSection(SolutionProperties) = preSolution
		HideSolutionNode = FALSE
	EndGlobalSection
	GlobalSection(ExtensibilityGlobals) = postSolution
		SolutionGuid = {16CC1A65-F70A-40A8-9650-B0387646897E}
	EndGlobalSection
EndGlobal
